{
  "lockfileVersion": 1,
  "configVersion": 1,
  "workspaces": {
    "": {
      "name": "d20-randomness-bench",
      "dependencies": {
        "random-js": "^2.1.0",
      },
    },
  },
  "packages": {
    "random-js": ["random-js@2.1.0", "", {}, "sha512-CRUyWmnzmZBA7RZSVGq0xMqmgCyPPxbiKNLFA5ud7KenojVX2s7Gv+V7eB52beKTPGxWRnVZ7D/tCIgYJJ8vNQ=="],
  }
}
